// !$*UTF8*$!
{
	archiveVersion = 1;
	classes = {
	};
	objectVersion = 56;
	objects = {

/* Begin PBXBuildFile section */
		F4105EAB2A1319A800A19108 /* RobotoCondensed-BoldItalic.ttf in Resources */ = {isa = PBXBuildFile; fileRef = F4105EA52A1319A800A19108 /* RobotoCondensed-BoldItalic.ttf */; };
		F4105EAC2A1319A800A19108 /* RobotoCondensed-Light.ttf in Resources */ = {isa = PBXBuildFile; fileRef = F4105EA62A1319A800A19108 /* RobotoCondensed-Light.ttf */; };
		F4105EAD2A1319A800A19108 /* RobotoCondensed-Regular.ttf in Resources */ = {isa = PBXBuildFile; fileRef = F4105EA72A1319A800A19108 /* RobotoCondensed-Regular.ttf */; };
		F4105EAE2A1319A800A19108 /* RobotoCondensed-LightItalic.ttf in Resources */ = {isa = PBXBuildFile; fileRef = F4105EA82A1319A800A19108 /* RobotoCondensed-LightItalic.ttf */; };
		F4105EAF2A1319A800A19108 /* RobotoCondensed-Italic.ttf in Resources */ = {isa = PBXBuildFile; fileRef = F4105EA92A1319A800A19108 /* RobotoCondensed-Italic.ttf */; };
		F4105EB02A1319A800A19108 /* RobotoCondensed-Bold.ttf in Resources */ = {isa = PBXBuildFile; fileRef = F4105EAA2A1319A800A19108 /* RobotoCondensed-Bold.ttf */; };
		F4105EB52A1331AE00A19108 /* User.swift in Sources */ = {isa = PBXBuildFile; fileRef = F4105EB42A1331AE00A19108 /* User.swift */; };
		F4105EB82A1335EC00A19108 /* AuthViewModel.swift in Sources */ = {isa = PBXBuildFile; fileRef = F4105EB72A1335EC00A19108 /* AuthViewModel.swift */; };
		F44B8DF32A0EC9DA00E9FFD8 /* SignupView.swift in Sources */ = {isa = PBXBuildFile; fileRef = F44B8DF22A0EC9DA00E9FFD8 /* SignupView.swift */; };
		F44B8DF82A0ECB4800E9FFD8 /* IconButton.swift in Sources */ = {isa = PBXBuildFile; fileRef = F44B8DF72A0ECB4800E9FFD8 /* IconButton.swift */; };
		F44B8DFA2A0ECFC500E9FFD8 /* GoogleService-Info.plist in Resources */ = {isa = PBXBuildFile; fileRef = F44B8DF92A0ECFC500E9FFD8 /* GoogleService-Info.plist */; };
		F48A87CF2A15B06400B9AB43 /* InitialQuestions.swift in Sources */ = {isa = PBXBuildFile; fileRef = F48A87CE2A15B06400B9AB43 /* InitialQuestions.swift */; };
		F49C95742A0BED22009C8947 /* BeFitApp.swift in Sources */ = {isa = PBXBuildFile; fileRef = F49C95732A0BED22009C8947 /* BeFitApp.swift */; };
		F49C95762A0BED22009C8947 /* ContentView.swift in Sources */ = {isa = PBXBuildFile; fileRef = F49C95752A0BED22009C8947 /* ContentView.swift */; };
		F49C95782A0BED24009C8947 /* Assets.xcassets in Resources */ = {isa = PBXBuildFile; fileRef = F49C95772A0BED24009C8947 /* Assets.xcassets */; };
		F49C957B2A0BED24009C8947 /* Preview Assets.xcassets in Resources */ = {isa = PBXBuildFile; fileRef = F49C957A2A0BED24009C8947 /* Preview Assets.xcassets */; };
		F49C95822A0BED7D009C8947 /* WelcomeView.swift in Sources */ = {isa = PBXBuildFile; fileRef = F49C95812A0BED7D009C8947 /* WelcomeView.swift */; };
		F4CD9B6A2A147F3700369D41 /* HomeView.swift in Sources */ = {isa = PBXBuildFile; fileRef = F4CD9B692A147F3600369D41 /* HomeView.swift */; };
		F4E01C502A18371800A072D8 /* PersonalInfoView.swift in Sources */ = {isa = PBXBuildFile; fileRef = F4E01C4F2A18371800A072D8 /* PersonalInfoView.swift */; };
		F4E01C522A183E1100A072D8 /* TitleComponent.swift in Sources */ = {isa = PBXBuildFile; fileRef = F4E01C512A183E1100A072D8 /* TitleComponent.swift */; };
		F4E01C542A1843E800A072D8 /* TextFieldComponent.swift in Sources */ = {isa = PBXBuildFile; fileRef = F4E01C532A1843E800A072D8 /* TextFieldComponent.swift */; };
		F4E01C562A18505100A072D8 /* PickerComponent.swift in Sources */ = {isa = PBXBuildFile; fileRef = F4E01C552A18505100A072D8 /* PickerComponent.swift */; };
		F4E01C582A1858E100A072D8 /* DatePickerComponent.swift in Sources */ = {isa = PBXBuildFile; fileRef = F4E01C572A1858E100A072D8 /* DatePickerComponent.swift */; };
		F4E01C5B2A18ED8B00A072D8 /* FirestoreService.swift in Sources */ = {isa = PBXBuildFile; fileRef = F4E01C5A2A18ED8B00A072D8 /* FirestoreService.swift */; };
		F4E01C5E2A18F03B00A072D8 /* FirebaseAnalytics in Frameworks */ = {isa = PBXBuildFile; productRef = F4E01C5D2A18F03B00A072D8 /* FirebaseAnalytics */; };
		F4E01C602A18F03B00A072D8 /* FirebaseAnalyticsSwift in Frameworks */ = {isa = PBXBuildFile; productRef = F4E01C5F2A18F03B00A072D8 /* FirebaseAnalyticsSwift */; };
		F4E01C622A18F03B00A072D8 /* FirebaseAppCheck in Frameworks */ = {isa = PBXBuildFile; productRef = F4E01C612A18F03B00A072D8 /* FirebaseAppCheck */; };
		F4E01C642A18F03B00A072D8 /* FirebaseAuth in Frameworks */ = {isa = PBXBuildFile; productRef = F4E01C632A18F03B00A072D8 /* FirebaseAuth */; };
		F4E01C662A18F03B00A072D8 /* FirebaseAuthCombine-Community in Frameworks */ = {isa = PBXBuildFile; productRef = F4E01C652A18F03B00A072D8 /* FirebaseAuthCombine-Community */; };
		F4E01C682A18F03B00A072D8 /* FirebaseCrashlytics in Frameworks */ = {isa = PBXBuildFile; productRef = F4E01C672A18F03B00A072D8 /* FirebaseCrashlytics */; };
		F4E01C6A2A18F03B00A072D8 /* FirebaseFirestore in Frameworks */ = {isa = PBXBuildFile; productRef = F4E01C692A18F03B00A072D8 /* FirebaseFirestore */; };
		F4E01C6C2A18F03B00A072D8 /* FirebaseFirestoreCombine-Community in Frameworks */ = {isa = PBXBuildFile; productRef = F4E01C6B2A18F03B00A072D8 /* FirebaseFirestoreCombine-Community */; };
		F4E01C6E2A18F03B00A072D8 /* FirebaseFirestoreSwift in Frameworks */ = {isa = PBXBuildFile; productRef = F4E01C6D2A18F03B00A072D8 /* FirebaseFirestoreSwift */; };
		F4E01C702A18F03B00A072D8 /* FirebaseMessaging in Frameworks */ = {isa = PBXBuildFile; productRef = F4E01C6F2A18F03B00A072D8 /* FirebaseMessaging */; };
		F4E01C732A18F50900A072D8 /* SignupViewModel.swift in Sources */ = {isa = PBXBuildFile; fileRef = F4E01C722A18F50900A072D8 /* SignupViewModel.swift */; };
		F4FB19892A1EEBEB00B43280 /* PersonalInfoViewModel.swift in Sources */ = {isa = PBXBuildFile; fileRef = F4FB19882A1EEBEB00B43280 /* PersonalInfoViewModel.swift */; };
		F4FB198B2A1EF10700B43280 /* UserViewModel.swift in Sources */ = {isa = PBXBuildFile; fileRef = F4FB198A2A1EF10700B43280 /* UserViewModel.swift */; };
		F4FFCBE32A0BF3A80039D69E /* Colors.swift in Sources */ = {isa = PBXBuildFile; fileRef = F4FFCBE22A0BF3A70039D69E /* Colors.swift */; };
		F4FFCBE52A0DC6E50039D69E /* LoginView.swift in Sources */ = {isa = PBXBuildFile; fileRef = F4FFCBE42A0DC6E50039D69E /* LoginView.swift */; };
/* End PBXBuildFile section */

/* Begin PBXFileReference section */
		F4105EA52A1319A800A19108 /* RobotoCondensed-BoldItalic.ttf */ = {isa = PBXFileReference; lastKnownFileType = file; path = "RobotoCondensed-BoldItalic.ttf"; sourceTree = "<group>"; };
		F4105EA62A1319A800A19108 /* RobotoCondensed-Light.ttf */ = {isa = PBXFileReference; lastKnownFileType = file; path = "RobotoCondensed-Light.ttf"; sourceTree = "<group>"; };
		F4105EA72A1319A800A19108 /* RobotoCondensed-Regular.ttf */ = {isa = PBXFileReference; lastKnownFileType = file; path = "RobotoCondensed-Regular.ttf"; sourceTree = "<group>"; };
		F4105EA82A1319A800A19108 /* RobotoCondensed-LightItalic.ttf */ = {isa = PBXFileReference; lastKnownFileType = file; path = "RobotoCondensed-LightItalic.ttf"; sourceTree = "<group>"; };
		F4105EA92A1319A800A19108 /* RobotoCondensed-Italic.ttf */ = {isa = PBXFileReference; lastKnownFileType = file; path = "RobotoCondensed-Italic.ttf"; sourceTree = "<group>"; };
		F4105EAA2A1319A800A19108 /* RobotoCondensed-Bold.ttf */ = {isa = PBXFileReference; lastKnownFileType = file; path = "RobotoCondensed-Bold.ttf"; sourceTree = "<group>"; };
		F4105EB12A131CEB00A19108 /* Info.plist */ = {isa = PBXFileReference; lastKnownFileType = text.plist; path = Info.plist; sourceTree = "<group>"; };
		F4105EB42A1331AE00A19108 /* User.swift */ = {isa = PBXFileReference; lastKnownFileType = sourcecode.swift; path = User.swift; sourceTree = "<group>"; };
		F4105EB72A1335EC00A19108 /* AuthViewModel.swift */ = {isa = PBXFileReference; lastKnownFileType = sourcecode.swift; path = AuthViewModel.swift; sourceTree = "<group>"; };
		F44B8DF22A0EC9DA00E9FFD8 /* SignupView.swift */ = {isa = PBXFileReference; lastKnownFileType = sourcecode.swift; path = SignupView.swift; sourceTree = "<group>"; };
		F44B8DF72A0ECB4800E9FFD8 /* IconButton.swift */ = {isa = PBXFileReference; lastKnownFileType = sourcecode.swift; path = IconButton.swift; sourceTree = "<group>"; };
		F44B8DF92A0ECFC500E9FFD8 /* GoogleService-Info.plist */ = {isa = PBXFileReference; fileEncoding = 4; lastKnownFileType = text.plist.xml; path = "GoogleService-Info.plist"; sourceTree = "<group>"; };
		F48A87CE2A15B06400B9AB43 /* InitialQuestions.swift */ = {isa = PBXFileReference; lastKnownFileType = sourcecode.swift; path = InitialQuestions.swift; sourceTree = "<group>"; };
		F49C95702A0BED22009C8947 /* BeFit.app */ = {isa = PBXFileReference; explicitFileType = wrapper.application; includeInIndex = 0; path = BeFit.app; sourceTree = BUILT_PRODUCTS_DIR; };
		F49C95732A0BED22009C8947 /* BeFitApp.swift */ = {isa = PBXFileReference; lastKnownFileType = sourcecode.swift; path = BeFitApp.swift; sourceTree = "<group>"; };
		F49C95752A0BED22009C8947 /* ContentView.swift */ = {isa = PBXFileReference; lastKnownFileType = sourcecode.swift; path = ContentView.swift; sourceTree = "<group>"; };
		F49C95772A0BED24009C8947 /* Assets.xcassets */ = {isa = PBXFileReference; lastKnownFileType = folder.assetcatalog; path = Assets.xcassets; sourceTree = "<group>"; };
		F49C957A2A0BED24009C8947 /* Preview Assets.xcassets */ = {isa = PBXFileReference; lastKnownFileType = folder.assetcatalog; path = "Preview Assets.xcassets"; sourceTree = "<group>"; };
		F49C95812A0BED7D009C8947 /* WelcomeView.swift */ = {isa = PBXFileReference; lastKnownFileType = sourcecode.swift; path = WelcomeView.swift; sourceTree = "<group>"; };
		F4CD9B692A147F3600369D41 /* HomeView.swift */ = {isa = PBXFileReference; lastKnownFileType = sourcecode.swift; path = HomeView.swift; sourceTree = "<group>"; };
		F4E01C4F2A18371800A072D8 /* PersonalInfoView.swift */ = {isa = PBXFileReference; lastKnownFileType = sourcecode.swift; path = PersonalInfoView.swift; sourceTree = "<group>"; };
		F4E01C512A183E1100A072D8 /* TitleComponent.swift */ = {isa = PBXFileReference; lastKnownFileType = sourcecode.swift; path = TitleComponent.swift; sourceTree = "<group>"; };
		F4E01C532A1843E800A072D8 /* TextFieldComponent.swift */ = {isa = PBXFileReference; lastKnownFileType = sourcecode.swift; path = TextFieldComponent.swift; sourceTree = "<group>"; };
		F4E01C552A18505100A072D8 /* PickerComponent.swift */ = {isa = PBXFileReference; lastKnownFileType = sourcecode.swift; path = PickerComponent.swift; sourceTree = "<group>"; };
		F4E01C572A1858E100A072D8 /* DatePickerComponent.swift */ = {isa = PBXFileReference; lastKnownFileType = sourcecode.swift; path = DatePickerComponent.swift; sourceTree = "<group>"; };
		F4E01C5A2A18ED8B00A072D8 /* FirestoreService.swift */ = {isa = PBXFileReference; lastKnownFileType = sourcecode.swift; path = FirestoreService.swift; sourceTree = "<group>"; };
		F4E01C722A18F50900A072D8 /* SignupViewModel.swift */ = {isa = PBXFileReference; lastKnownFileType = sourcecode.swift; path = SignupViewModel.swift; sourceTree = "<group>"; };
		F4FB19882A1EEBEB00B43280 /* PersonalInfoViewModel.swift */ = {isa = PBXFileReference; lastKnownFileType = sourcecode.swift; path = PersonalInfoViewModel.swift; sourceTree = "<group>"; };
		F4FB198A2A1EF10700B43280 /* UserViewModel.swift */ = {isa = PBXFileReference; lastKnownFileType = sourcecode.swift; path = UserViewModel.swift; sourceTree = "<group>"; };
		F4FFCBE22A0BF3A70039D69E /* Colors.swift */ = {isa = PBXFileReference; lastKnownFileType = sourcecode.swift; path = Colors.swift; sourceTree = "<group>"; };
		F4FFCBE42A0DC6E50039D69E /* LoginView.swift */ = {isa = PBXFileReference; lastKnownFileType = sourcecode.swift; path = LoginView.swift; sourceTree = "<group>"; };
/* End PBXFileReference section */

/* Begin PBXFrameworksBuildPhase section */
		F49C956D2A0BED22009C8947 /* Frameworks */ = {
			isa = PBXFrameworksBuildPhase;
			buildActionMask = 2147483647;
			files = (
				F4E01C602A18F03B00A072D8 /* FirebaseAnalyticsSwift in Frameworks */,
				F4E01C6C2A18F03B00A072D8 /* FirebaseFirestoreCombine-Community in Frameworks */,
				F4E01C702A18F03B00A072D8 /* FirebaseMessaging in Frameworks */,
				F4E01C622A18F03B00A072D8 /* FirebaseAppCheck in Frameworks */,
				F4E01C5E2A18F03B00A072D8 /* FirebaseAnalytics in Frameworks */,
				F4E01C682A18F03B00A072D8 /* FirebaseCrashlytics in Frameworks */,
				F4E01C642A18F03B00A072D8 /* FirebaseAuth in Frameworks */,
				F4E01C662A18F03B00A072D8 /* FirebaseAuthCombine-Community in Frameworks */,
				F4E01C6A2A18F03B00A072D8 /* FirebaseFirestore in Frameworks */,
				F4E01C6E2A18F03B00A072D8 /* FirebaseFirestoreSwift in Frameworks */,
			);
			runOnlyForDeploymentPostprocessing = 0;
		};
/* End PBXFrameworksBuildPhase section */

/* Begin PBXGroup section */
		F4105EA42A13197700A19108 /* Fonts */ = {
			isa = PBXGroup;
			children = (
				F4105EAA2A1319A800A19108 /* RobotoCondensed-Bold.ttf */,
				F4105EA52A1319A800A19108 /* RobotoCondensed-BoldItalic.ttf */,
				F4105EA92A1319A800A19108 /* RobotoCondensed-Italic.ttf */,
				F4105EA62A1319A800A19108 /* RobotoCondensed-Light.ttf */,
				F4105EA82A1319A800A19108 /* RobotoCondensed-LightItalic.ttf */,
				F4105EA72A1319A800A19108 /* RobotoCondensed-Regular.ttf */,
			);
			path = Fonts;
			sourceTree = "<group>";
		};
		F4105EB22A132A9A00A19108 /* Shared */ = {
			isa = PBXGroup;
			children = (
				F4105EA42A13197700A19108 /* Fonts */,
				F4FFCBE22A0BF3A70039D69E /* Colors.swift */,
			);
			path = Shared;
			sourceTree = "<group>";
		};
		F4105EB32A13316800A19108 /* Model */ = {
			isa = PBXGroup;
			children = (
				F4105EB42A1331AE00A19108 /* User.swift */,
				F48A87CE2A15B06400B9AB43 /* InitialQuestions.swift */,
			);
			path = Model;
			sourceTree = "<group>";
		};
		F4105EB62A1335C400A19108 /* ViewModel */ = {
			isa = PBXGroup;
			children = (
				F4105EB72A1335EC00A19108 /* AuthViewModel.swift */,
				F4FB198A2A1EF10700B43280 /* UserViewModel.swift */,
			);
			path = ViewModel;
			sourceTree = "<group>";
		};
		F44B8DF42A0ECB0700E9FFD8 /* View */ = {
			isa = PBXGroup;
			children = (
				F44B8DF62A0ECB1A00E9FFD8 /* Shared */,
				F44B8DF52A0ECB1000E9FFD8 /* Screens */,
			);
			path = View;
			sourceTree = "<group>";
		};
		F44B8DF52A0ECB1000E9FFD8 /* Screens */ = {
			isa = PBXGroup;
			children = (
				F49C95812A0BED7D009C8947 /* WelcomeView.swift */,
				F4FFCBE42A0DC6E50039D69E /* LoginView.swift */,
				F4FB19872A1EEBC000B43280 /* PersonalInfo */,
				F4E01C712A18F4F600A072D8 /* Signup */,
				F4CD9B692A147F3600369D41 /* HomeView.swift */,
			);
			path = Screens;
			sourceTree = "<group>";
		};
		F44B8DF62A0ECB1A00E9FFD8 /* Shared */ = {
			isa = PBXGroup;
			children = (
				F44B8DF72A0ECB4800E9FFD8 /* IconButton.swift */,
				F4E01C512A183E1100A072D8 /* TitleComponent.swift */,
				F4E01C532A1843E800A072D8 /* TextFieldComponent.swift */,
				F4E01C572A1858E100A072D8 /* DatePickerComponent.swift */,
				F4E01C552A18505100A072D8 /* PickerComponent.swift */,
			);
			path = Shared;
			sourceTree = "<group>";
		};
		F49C95672A0BED22009C8947 = {
			isa = PBXGroup;
			children = (
				F49C95722A0BED22009C8947 /* BeFit */,
				F49C95712A0BED22009C8947 /* Products */,
			);
			sourceTree = "<group>";
		};
		F49C95712A0BED22009C8947 /* Products */ = {
			isa = PBXGroup;
			children = (
				F49C95702A0BED22009C8947 /* BeFit.app */,
			);
			name = Products;
			sourceTree = "<group>";
		};
		F49C95722A0BED22009C8947 /* BeFit */ = {
			isa = PBXGroup;
			children = (
				F4E01C592A18ED6F00A072D8 /* Service */,
				F4105EB62A1335C400A19108 /* ViewModel */,
				F4105EB32A13316800A19108 /* Model */,
				F44B8DF42A0ECB0700E9FFD8 /* View */,
				F4105EB22A132A9A00A19108 /* Shared */,
				F49C95732A0BED22009C8947 /* BeFitApp.swift */,
				F49C95752A0BED22009C8947 /* ContentView.swift */,
				F4105EB12A131CEB00A19108 /* Info.plist */,
				F44B8DF92A0ECFC500E9FFD8 /* GoogleService-Info.plist */,
				F49C95772A0BED24009C8947 /* Assets.xcassets */,
				F49C95792A0BED24009C8947 /* Preview Content */,
			);
			path = BeFit;
			sourceTree = "<group>";
		};
		F49C95792A0BED24009C8947 /* Preview Content */ = {
			isa = PBXGroup;
			children = (
				F49C957A2A0BED24009C8947 /* Preview Assets.xcassets */,
			);
			path = "Preview Content";
			sourceTree = "<group>";
		};
		F4E01C592A18ED6F00A072D8 /* Service */ = {
			isa = PBXGroup;
			children = (
				F4E01C5A2A18ED8B00A072D8 /* FirestoreService.swift */,
			);
			path = Service;
			sourceTree = "<group>";
		};
		F4E01C712A18F4F600A072D8 /* Signup */ = {
			isa = PBXGroup;
			children = (
				F44B8DF22A0EC9DA00E9FFD8 /* SignupView.swift */,
				F4E01C722A18F50900A072D8 /* SignupViewModel.swift */,
			);
			path = Signup;
			sourceTree = "<group>";
		};
		F4FB19872A1EEBC000B43280 /* PersonalInfo */ = {
			isa = PBXGroup;
			children = (
				F4E01C4F2A18371800A072D8 /* PersonalInfoView.swift */,
				F4FB19882A1EEBEB00B43280 /* PersonalInfoViewModel.swift */,
			);
			path = PersonalInfo;
			sourceTree = "<group>";
		};
/* End PBXGroup section */

/* Begin PBXNativeTarget section */
		F49C956F2A0BED22009C8947 /* BeFit */ = {
			isa = PBXNativeTarget;
			buildConfigurationList = F49C957E2A0BED24009C8947 /* Build configuration list for PBXNativeTarget "BeFit" */;
			buildPhases = (
				F49C956C2A0BED22009C8947 /* Sources */,
				F49C956D2A0BED22009C8947 /* Frameworks */,
				F49C956E2A0BED22009C8947 /* Resources */,
			);
			buildRules = (
			);
			dependencies = (
			);
			name = BeFit;
			packageProductDependencies = (
				F4E01C5D2A18F03B00A072D8 /* FirebaseAnalytics */,
				F4E01C5F2A18F03B00A072D8 /* FirebaseAnalyticsSwift */,
				F4E01C612A18F03B00A072D8 /* FirebaseAppCheck */,
				F4E01C632A18F03B00A072D8 /* FirebaseAuth */,
				F4E01C652A18F03B00A072D8 /* FirebaseAuthCombine-Community */,
				F4E01C672A18F03B00A072D8 /* FirebaseCrashlytics */,
				F4E01C692A18F03B00A072D8 /* FirebaseFirestore */,
				F4E01C6B2A18F03B00A072D8 /* FirebaseFirestoreCombine-Community */,
				F4E01C6D2A18F03B00A072D8 /* FirebaseFirestoreSwift */,
				F4E01C6F2A18F03B00A072D8 /* FirebaseMessaging */,
			);
			productName = BeFit;
			productReference = F49C95702A0BED22009C8947 /* BeFit.app */;
			productType = "com.apple.product-type.application";
		};
/* End PBXNativeTarget section */

/* Begin PBXProject section */
		F49C95682A0BED22009C8947 /* Project object */ = {
			isa = PBXProject;
			attributes = {
				BuildIndependentTargetsInParallel = 1;
				LastSwiftUpdateCheck = 1430;
				LastUpgradeCheck = 1430;
				TargetAttributes = {
					F49C956F2A0BED22009C8947 = {
						CreatedOnToolsVersion = 14.3;
					};
				};
			};
			buildConfigurationList = F49C956B2A0BED22009C8947 /* Build configuration list for PBXProject "BeFit" */;
			compatibilityVersion = "Xcode 14.0";
			developmentRegion = en;
			hasScannedForEncodings = 0;
			knownRegions = (
				en,
				Base,
			);
			mainGroup = F49C95672A0BED22009C8947;
			packageReferences = (
				F4E01C5C2A18F03B00A072D8 /* XCRemoteSwiftPackageReference "firebase-ios-sdk" */,
			);
			productRefGroup = F49C95712A0BED22009C8947 /* Products */;
			projectDirPath = "";
			projectRoot = "";
			targets = (
				F49C956F2A0BED22009C8947 /* BeFit */,
			);
		};
/* End PBXProject section */

/* Begin PBXResourcesBuildPhase section */
		F49C956E2A0BED22009C8947 /* Resources */ = {
			isa = PBXResourcesBuildPhase;
			buildActionMask = 2147483647;
			files = (
				F4105EAD2A1319A800A19108 /* RobotoCondensed-Regular.ttf in Resources */,
				F4105EAF2A1319A800A19108 /* RobotoCondensed-Italic.ttf in Resources */,
				F49C957B2A0BED24009C8947 /* Preview Assets.xcassets in Resources */,
				F4105EB02A1319A800A19108 /* RobotoCondensed-Bold.ttf in Resources */,
				F44B8DFA2A0ECFC500E9FFD8 /* GoogleService-Info.plist in Resources */,
				F4105EAB2A1319A800A19108 /* RobotoCondensed-BoldItalic.ttf in Resources */,
				F49C95782A0BED24009C8947 /* Assets.xcassets in Resources */,
				F4105EAE2A1319A800A19108 /* RobotoCondensed-LightItalic.ttf in Resources */,
				F4105EAC2A1319A800A19108 /* RobotoCondensed-Light.ttf in Resources */,
			);
			runOnlyForDeploymentPostprocessing = 0;
		};
/* End PBXResourcesBuildPhase section */

/* Begin PBXSourcesBuildPhase section */
		F49C956C2A0BED22009C8947 /* Sources */ = {
			isa = PBXSourcesBuildPhase;
			buildActionMask = 2147483647;
			files = (
				F4E01C732A18F50900A072D8 /* SignupViewModel.swift in Sources */,
				F4E01C522A183E1100A072D8 /* TitleComponent.swift in Sources */,
				F44B8DF32A0EC9DA00E9FFD8 /* SignupView.swift in Sources */,
				F49C95762A0BED22009C8947 /* ContentView.swift in Sources */,
				F4E01C582A1858E100A072D8 /* DatePickerComponent.swift in Sources */,
				F4E01C5B2A18ED8B00A072D8 /* FirestoreService.swift in Sources */,
				F4105EB52A1331AE00A19108 /* User.swift in Sources */,
				F48A87CF2A15B06400B9AB43 /* InitialQuestions.swift in Sources */,
				F4FB198B2A1EF10700B43280 /* UserViewModel.swift in Sources */,
				F4CD9B6A2A147F3700369D41 /* HomeView.swift in Sources */,
				F4E01C502A18371800A072D8 /* PersonalInfoView.swift in Sources */,
				F4E01C562A18505100A072D8 /* PickerComponent.swift in Sources */,
				F44B8DF82A0ECB4800E9FFD8 /* IconButton.swift in Sources */,
				F4FFCBE32A0BF3A80039D69E /* Colors.swift in Sources */,
				F49C95822A0BED7D009C8947 /* WelcomeView.swift in Sources */,
				F4FFCBE52A0DC6E50039D69E /* LoginView.swift in Sources */,
				F4E01C542A1843E800A072D8 /* TextFieldComponent.swift in Sources */,
				F49C95742A0BED22009C8947 /* BeFitApp.swift in Sources */,
				F4105EB82A1335EC00A19108 /* AuthViewModel.swift in Sources */,
				F4FB19892A1EEBEB00B43280 /* PersonalInfoViewModel.swift in Sources */,
			);
			runOnlyForDeploymentPostprocessing = 0;
		};
/* End PBXSourcesBuildPhase section */

/* Begin XCBuildConfiguration section */
		F49C957C2A0BED24009C8947 /* Debug */ = {
			isa = XCBuildConfiguration;
			buildSettings = {
				ALWAYS_SEARCH_USER_PATHS = NO;
				CLANG_ANALYZER_NONNULL = YES;
				CLANG_ANALYZER_NUMBER_OBJECT_CONVERSION = YES_AGGRESSIVE;
				CLANG_CXX_LANGUAGE_STANDARD = "gnu++20";
				CLANG_ENABLE_MODULES = YES;
				CLANG_ENABLE_OBJC_ARC = YES;
				CLANG_ENABLE_OBJC_WEAK = YES;
				CLANG_WARN_BLOCK_CAPTURE_AUTORELEASING = YES;
				CLANG_WARN_BOOL_CONVERSION = YES;
				CLANG_WARN_COMMA = YES;
				CLANG_WARN_CONSTANT_CONVERSION = YES;
				CLANG_WARN_DEPRECATED_OBJC_IMPLEMENTATIONS = YES;
				CLANG_WARN_DIRECT_OBJC_ISA_USAGE = YES_ERROR;
				CLANG_WARN_DOCUMENTATION_COMMENTS = YES;
				CLANG_WARN_EMPTY_BODY = YES;
				CLANG_WARN_ENUM_CONVERSION = YES;
				CLANG_WARN_INFINITE_RECURSION = YES;
				CLANG_WARN_INT_CONVERSION = YES;
				CLANG_WARN_NON_LITERAL_NULL_CONVERSION = YES;
				CLANG_WARN_OBJC_IMPLICIT_RETAIN_SELF = YES;
				CLANG_WARN_OBJC_LITERAL_CONVERSION = YES;
				CLANG_WARN_OBJC_ROOT_CLASS = YES_ERROR;
				CLANG_WARN_QUOTED_INCLUDE_IN_FRAMEWORK_HEADER = YES;
				CLANG_WARN_RANGE_LOOP_ANALYSIS = YES;
				CLANG_WARN_STRICT_PROTOTYPES = YES;
				CLANG_WARN_SUSPICIOUS_MOVE = YES;
				CLANG_WARN_UNGUARDED_AVAILABILITY = YES_AGGRESSIVE;
				CLANG_WARN_UNREACHABLE_CODE = YES;
				CLANG_WARN__DUPLICATE_METHOD_MATCH = YES;
				COPY_PHASE_STRIP = NO;
				DEBUG_INFORMATION_FORMAT = dwarf;
				ENABLE_STRICT_OBJC_MSGSEND = YES;
				ENABLE_TESTABILITY = YES;
				GCC_C_LANGUAGE_STANDARD = gnu11;
				GCC_DYNAMIC_NO_PIC = NO;
				GCC_NO_COMMON_BLOCKS = YES;
				GCC_OPTIMIZATION_LEVEL = 0;
				GCC_PREPROCESSOR_DEFINITIONS = (
					"DEBUG=1",
					"$(inherited)",
				);
				GCC_WARN_64_TO_32_BIT_CONVERSION = YES;
				GCC_WARN_ABOUT_RETURN_TYPE = YES_ERROR;
				GCC_WARN_UNDECLARED_SELECTOR = YES;
				GCC_WARN_UNINITIALIZED_AUTOS = YES_AGGRESSIVE;
				GCC_WARN_UNUSED_FUNCTION = YES;
				GCC_WARN_UNUSED_VARIABLE = YES;
				IPHONEOS_DEPLOYMENT_TARGET = 16.4;
				MTL_ENABLE_DEBUG_INFO = INCLUDE_SOURCE;
				MTL_FAST_MATH = YES;
				ONLY_ACTIVE_ARCH = YES;
				SDKROOT = iphoneos;
				SWIFT_ACTIVE_COMPILATION_CONDITIONS = DEBUG;
				SWIFT_OPTIMIZATION_LEVEL = "-Onone";
			};
			name = Debug;
		};
		F49C957D2A0BED24009C8947 /* Release */ = {
			isa = XCBuildConfiguration;
			buildSettings = {
				ALWAYS_SEARCH_USER_PATHS = NO;
				CLANG_ANALYZER_NONNULL = YES;
				CLANG_ANALYZER_NUMBER_OBJECT_CONVERSION = YES_AGGRESSIVE;
				CLANG_CXX_LANGUAGE_STANDARD = "gnu++20";
				CLANG_ENABLE_MODULES = YES;
				CLANG_ENABLE_OBJC_ARC = YES;
				CLANG_ENABLE_OBJC_WEAK = YES;
				CLANG_WARN_BLOCK_CAPTURE_AUTORELEASING = YES;
				CLANG_WARN_BOOL_CONVERSION = YES;
				CLANG_WARN_COMMA = YES;
				CLANG_WARN_CONSTANT_CONVERSION = YES;
				CLANG_WARN_DEPRECATED_OBJC_IMPLEMENTATIONS = YES;
				CLANG_WARN_DIRECT_OBJC_ISA_USAGE = YES_ERROR;
				CLANG_WARN_DOCUMENTATION_COMMENTS = YES;
				CLANG_WARN_EMPTY_BODY = YES;
				CLANG_WARN_ENUM_CONVERSION = YES;
				CLANG_WARN_INFINITE_RECURSION = YES;
				CLANG_WARN_INT_CONVERSION = YES;
				CLANG_WARN_NON_LITERAL_NULL_CONVERSION = YES;
				CLANG_WARN_OBJC_IMPLICIT_RETAIN_SELF = YES;
				CLANG_WARN_OBJC_LITERAL_CONVERSION = YES;
				CLANG_WARN_OBJC_ROOT_CLASS = YES_ERROR;
				CLANG_WARN_QUOTED_INCLUDE_IN_FRAMEWORK_HEADER = YES;
				CLANG_WARN_RANGE_LOOP_ANALYSIS = YES;
				CLANG_WARN_STRICT_PROTOTYPES = YES;
				CLANG_WARN_SUSPICIOUS_MOVE = YES;
				CLANG_WARN_UNGUARDED_AVAILABILITY = YES_AGGRESSIVE;
				CLANG_WARN_UNREACHABLE_CODE = YES;
				CLANG_WARN__DUPLICATE_METHOD_MATCH = YES;
				COPY_PHASE_STRIP = NO;
				DEBUG_INFORMATION_FORMAT = "dwarf-with-dsym";
				ENABLE_NS_ASSERTIONS = NO;
				ENABLE_STRICT_OBJC_MSGSEND = YES;
				GCC_C_LANGUAGE_STANDARD = gnu11;
				GCC_NO_COMMON_BLOCKS = YES;
				GCC_WARN_64_TO_32_BIT_CONVERSION = YES;
				GCC_WARN_ABOUT_RETURN_TYPE = YES_ERROR;
				GCC_WARN_UNDECLARED_SELECTOR = YES;
				GCC_WARN_UNINITIALIZED_AUTOS = YES_AGGRESSIVE;
				GCC_WARN_UNUSED_FUNCTION = YES;
				GCC_WARN_UNUSED_VARIABLE = YES;
				IPHONEOS_DEPLOYMENT_TARGET = 16.4;
				MTL_ENABLE_DEBUG_INFO = NO;
				MTL_FAST_MATH = YES;
				SDKROOT = iphoneos;
				SWIFT_COMPILATION_MODE = wholemodule;
				SWIFT_OPTIMIZATION_LEVEL = "-O";
				VALIDATE_PRODUCT = YES;
			};
			name = Release;
		};
		F49C957F2A0BED24009C8947 /* Debug */ = {
			isa = XCBuildConfiguration;
			buildSettings = {
				ASSETCATALOG_COMPILER_APPICON_NAME = AppIcon;
				ASSETCATALOG_COMPILER_GLOBAL_ACCENT_COLOR_NAME = AccentColor;
				CODE_SIGN_IDENTITY = "Apple Development";
				CODE_SIGN_STYLE = Automatic;
				CURRENT_PROJECT_VERSION = 1;
				DEVELOPMENT_ASSET_PATHS = "\"BeFit/Preview Content\"";
				DEVELOPMENT_TEAM = "";
				ENABLE_PREVIEWS = YES;
				GENERATE_INFOPLIST_FILE = YES;
				INFOPLIST_FILE = BeFit/Info.plist;
				INFOPLIST_KEY_LSApplicationCategoryType = "";
				INFOPLIST_KEY_UIApplicationSceneManifest_Generation = YES;
				INFOPLIST_KEY_UIApplicationSupportsIndirectInputEvents = YES;
				INFOPLIST_KEY_UILaunchScreen_Generation = YES;
				INFOPLIST_KEY_UISupportedInterfaceOrientations_iPad = "UIInterfaceOrientationPortrait UIInterfaceOrientationPortraitUpsideDown UIInterfaceOrientationLandscapeLeft UIInterfaceOrientationLandscapeRight";
				INFOPLIST_KEY_UISupportedInterfaceOrientations_iPhone = "UIInterfaceOrientationPortrait UIInterfaceOrientationLandscapeLeft UIInterfaceOrientationLandscapeRight";
				IPHONEOS_DEPLOYMENT_TARGET = 16.0;
				LD_RUNPATH_SEARCH_PATHS = (
					"$(inherited)",
					"@executable_path/Frameworks",
				);
				MARKETING_VERSION = 1.0;
				PRODUCT_BUNDLE_IDENTIFIER = com.danalvescc.BeFitApp;
				PRODUCT_NAME = "$(TARGET_NAME)";
				PROVISIONING_PROFILE_SPECIFIER = "";
				SWIFT_EMIT_LOC_STRINGS = YES;
				SWIFT_VERSION = 5.0;
				TARGETED_DEVICE_FAMILY = "1,2";
			};
			name = Debug;
		};
		F49C95802A0BED24009C8947 /* Release */ = {
			isa = XCBuildConfiguration;
			buildSettings = {
				ASSETCATALOG_COMPILER_APPICON_NAME = AppIcon;
				ASSETCATALOG_COMPILER_GLOBAL_ACCENT_COLOR_NAME = AccentColor;
				CODE_SIGN_IDENTITY = "Apple Development";
				CODE_SIGN_STYLE = Automatic;
				CURRENT_PROJECT_VERSION = 1;
				DEVELOPMENT_ASSET_PATHS = "\"BeFit/Preview Content\"";
				DEVELOPMENT_TEAM = "";
				ENABLE_PREVIEWS = YES;
				GENERATE_INFOPLIST_FILE = YES;
				INFOPLIST_FILE = BeFit/Info.plist;
				INFOPLIST_KEY_LSApplicationCategoryType = "";
				INFOPLIST_KEY_UIApplicationSceneManifest_Generation = YES;
				INFOPLIST_KEY_UIApplicationSupportsIndirectInputEvents = YES;
				INFOPLIST_KEY_UILaunchScreen_Generation = YES;
				INFOPLIST_KEY_UISupportedInterfaceOrientations_iPad = "UIInterfaceOrientationPortrait UIInterfaceOrientationPortraitUpsideDown UIInterfaceOrientationLandscapeLeft UIInterfaceOrientationLandscapeRight";
				INFOPLIST_KEY_UISupportedInterfaceOrientations_iPhone = "UIInterfaceOrientationPortrait UIInterfaceOrientationLandscapeLeft UIInterfaceOrientationLandscapeRight";
				IPHONEOS_DEPLOYMENT_TARGET = 16.0;
				LD_RUNPATH_SEARCH_PATHS = (
					"$(inherited)",
					"@executable_path/Frameworks",
				);
				MARKETING_VERSION = 1.0;
				PRODUCT_BUNDLE_IDENTIFIER = com.danalvescc.BeFitApp;
				PRODUCT_NAME = "$(TARGET_NAME)";
				PROVISIONING_PROFILE_SPECIFIER = "";
				SWIFT_EMIT_LOC_STRINGS = YES;
				SWIFT_VERSION = 5.0;
				TARGETED_DEVICE_FAMILY = "1,2";
			};
			name = Release;
		};
/* End XCBuildConfiguration section */

/* Begin XCConfigurationList section */
		F49C956B2A0BED22009C8947 /* Build configuration list for PBXProject "BeFit" */ = {
			isa = XCConfigurationList;
			buildConfigurations = (
				F49C957C2A0BED24009C8947 /* Debug */,
				F49C957D2A0BED24009C8947 /* Release */,
			);
			defaultConfigurationIsVisible = 0;
			defaultConfigurationName = Release;
		};
		F49C957E2A0BED24009C8947 /* Build configuration list for PBXNativeTarget "BeFit" */ = {
			isa = XCConfigurationList;
			buildConfigurations = (
				F49C957F2A0BED24009C8947 /* Debug */,
				F49C95802A0BED24009C8947 /* Release */,
			);
			defaultConfigurationIsVisible = 0;
			defaultConfigurationName = Release;
		};
/* End XCConfigurationList section */

/* Begin XCRemoteSwiftPackageReference section */
		F4E01C5C2A18F03B00A072D8 /* XCRemoteSwiftPackageReference "firebase-ios-sdk" */ = {
			isa = XCRemoteSwiftPackageReference;
			repositoryURL = "https://github.com/firebase/firebase-ios-sdk";
			requirement = {
				kind = upToNextMajorVersion;
				minimumVersion = 10.0.0;
			};
		};
/* End XCRemoteSwiftPackageReference section */

/* Begin XCSwiftPackageProductDependency section */
		F4E01C5D2A18F03B00A072D8 /* FirebaseAnalytics */ = {
			isa = XCSwiftPackageProductDependency;
			package = F4E01C5C2A18F03B00A072D8 /* XCRemoteSwiftPackageReference "firebase-ios-sdk" */;
			productName = FirebaseAnalytics;
		};
		F4E01C5F2A18F03B00A072D8 /* FirebaseAnalyticsSwift */ = {
			isa = XCSwiftPackageProductDependency;
			package = F4E01C5C2A18F03B00A072D8 /* XCRemoteSwiftPackageReference "firebase-ios-sdk" */;
			productName = FirebaseAnalyticsSwift;
		};
		F4E01C612A18F03B00A072D8 /* FirebaseAppCheck */ = {
			isa = XCSwiftPackageProductDependency;
			package = F4E01C5C2A18F03B00A072D8 /* XCRemoteSwiftPackageReference "firebase-ios-sdk" */;
			productName = FirebaseAppCheck;
		};
		F4E01C632A18F03B00A072D8 /* FirebaseAuth */ = {
			isa = XCSwiftPackageProductDependency;
			package = F4E01C5C2A18F03B00A072D8 /* XCRemoteSwiftPackageReference "firebase-ios-sdk" */;
			productName = FirebaseAuth;
		};
		F4E01C652A18F03B00A072D8 /* FirebaseAuthCombine-Community */ = {
			isa = XCSwiftPackageProductDependency;
			package = F4E01C5C2A18F03B00A072D8 /* XCRemoteSwiftPackageReference "firebase-ios-sdk" */;
			productName = "FirebaseAuthCombine-Community";
		};
		F4E01C672A18F03B00A072D8 /* FirebaseCrashlytics */ = {
			isa = XCSwiftPackageProductDependency;
			package = F4E01C5C2A18F03B00A072D8 /* XCRemoteSwiftPackageReference "firebase-ios-sdk" */;
			productName = FirebaseCrashlytics;
		};
		F4E01C692A18F03B00A072D8 /* FirebaseFirestore */ = {
			isa = XCSwiftPackageProductDependency;
			package = F4E01C5C2A18F03B00A072D8 /* XCRemoteSwiftPackageReference "firebase-ios-sdk" */;
			productName = FirebaseFirestore;
		};
		F4E01C6B2A18F03B00A072D8 /* FirebaseFirestoreCombine-Community */ = {
			isa = XCSwiftPackageProductDependency;
			package = F4E01C5C2A18F03B00A072D8 /* XCRemoteSwiftPackageReference "firebase-ios-sdk" */;
			productName = "FirebaseFirestoreCombine-Community";
		};
		F4E01C6D2A18F03B00A072D8 /* FirebaseFirestoreSwift */ = {
			isa = XCSwiftPackageProductDependency;
			package = F4E01C5C2A18F03B00A072D8 /* XCRemoteSwiftPackageReference "firebase-ios-sdk" */;
			productName = FirebaseFirestoreSwift;
		};
		F4E01C6F2A18F03B00A072D8 /* FirebaseMessaging */ = {
			isa = XCSwiftPackageProductDependency;
			package = F4E01C5C2A18F03B00A072D8 /* XCRemoteSwiftPackageReference "firebase-ios-sdk" */;
			productName = FirebaseMessaging;
		};
/* End XCSwiftPackageProductDependency section */
	};
	rootObject = F49C95682A0BED22009C8947 /* Project object */;
}
